// !$*UTF8*$!
{
	archiveVersion = 1;
	classes = {
	};
	objectVersion = 50;
	objects = {

/* Begin PBXBuildFile section */
		1C8E3CFC2451889F004EB460 /* AppDelegate.swift in Sources */ = {isa = PBXBuildFile; fileRef = 1C8E3CFB2451889F004EB460 /* AppDelegate.swift */; };
		1C8E3CFE2451889F004EB460 /* SceneDelegate.swift in Sources */ = {isa = PBXBuildFile; fileRef = 1C8E3CFD2451889F004EB460 /* SceneDelegate.swift */; };
		1C8E3D002451889F004EB460 /* ViewController.swift in Sources */ = {isa = PBXBuildFile; fileRef = 1C8E3CFF2451889F004EB460 /* ViewController.swift */; };
		1C8E3D032451889F004EB460 /* Main.storyboard in Resources */ = {isa = PBXBuildFile; fileRef = 1C8E3D012451889F004EB460 /* Main.storyboard */; };
		1C8E3D05245188B9004EB460 /* Assets.xcassets in Resources */ = {isa = PBXBuildFile; fileRef = 1C8E3D04245188B9004EB460 /* Assets.xcassets */; };
		1C8E3D08245188B9004EB460 /* LaunchScreen.storyboard in Resources */ = {isa = PBXBuildFile; fileRef = 1C8E3D06245188B9004EB460 /* LaunchScreen.storyboard */; };
		1C8E3D13245188BA004EB460 /* SampleDemoTests.swift in Sources */ = {isa = PBXBuildFile; fileRef = 1C8E3D12245188BA004EB460 /* SampleDemoTests.swift */; };
		1C8E3D1E245188BA004EB460 /* SampleDemoUITests.swift in Sources */ = {isa = PBXBuildFile; fileRef = 1C8E3D1D245188BA004EB460 /* SampleDemoUITests.swift */; };
/* End PBXBuildFile section */

/* Begin PBXContainerItemProxy section */
		1C8E3D0F245188BA004EB460 /* PBXContainerItemProxy */ = {
			isa = PBXContainerItemProxy;
			containerPortal = 1C8E3CF02451889F004EB460 /* Project object */;
			proxyType = 1;
			remoteGlobalIDString = 1C8E3CF72451889F004EB460;
			remoteInfo = SampleDemo;
		};
		1C8E3D1A245188BA004EB460 /* PBXContainerItemProxy */ = {
			isa = PBXContainerItemProxy;
			containerPortal = 1C8E3CF02451889F004EB460 /* Project object */;
			proxyType = 1;
			remoteGlobalIDString = 1C8E3CF72451889F004EB460;
			remoteInfo = SampleDemo;
		};
/* End PBXContainerItemProxy section */

/* Begin PBXFileReference section */
		1C8E3CF82451889F004EB460 /* SampleDemo.app */ = {isa = PBXFileReference; explicitFileType = wrapper.application; includeInIndex = 0; path = SampleDemo.app; sourceTree = BUILT_PRODUCTS_DIR; };
		1C8E3CFB2451889F004EB460 /* AppDelegate.swift */ = {isa = PBXFileReference; lastKnownFileType = sourcecode.swift; path = AppDelegate.swift; sourceTree = "<group>"; };
		1C8E3CFD2451889F004EB460 /* SceneDelegate.swift */ = {isa = PBXFileReference; lastKnownFileType = sourcecode.swift; path = SceneDelegate.swift; sourceTree = "<group>"; };
		1C8E3CFF2451889F004EB460 /* ViewController.swift */ = {isa = PBXFileReference; lastKnownFileType = sourcecode.swift; path = ViewController.swift; sourceTree = "<group>"; };
		1C8E3D022451889F004EB460 /* Base */ = {isa = PBXFileReference; lastKnownFileType = file.storyboard; name = Base; path = Base.lproj/Main.storyboard; sourceTree = "<group>"; };
		1C8E3D04245188B9004EB460 /* Assets.xcassets */ = {isa = PBXFileReference; lastKnownFileType = folder.assetcatalog; path = Assets.xcassets; sourceTree = "<group>"; };
		1C8E3D07245188B9004EB460 /* Base */ = {isa = PBXFileReference; lastKnownFileType = file.storyboard; name = Base; path = Base.lproj/LaunchScreen.storyboard; sourceTree = "<group>"; };
		1C8E3D09245188B9004EB460 /* Info.plist */ = {isa = PBXFileReference; lastKnownFileType = text.plist.xml; path = Info.plist; sourceTree = "<group>"; };
		1C8E3D0E245188BA004EB460 /* SampleDemoTests.xctest */ = {isa = PBXFileReference; explicitFileType = wrapper.cfbundle; includeInIndex = 0; path = SampleDemoTests.xctest; sourceTree = BUILT_PRODUCTS_DIR; };
		1C8E3D12245188BA004EB460 /* SampleDemoTests.swift */ = {isa = PBXFileReference; lastKnownFileType = sourcecode.swift; path = SampleDemoTests.swift; sourceTree = "<group>"; };
		1C8E3D14245188BA004EB460 /* Info.plist */ = {isa = PBXFileReference; lastKnownFileType = text.plist.xml; path = Info.plist; sourceTree = "<group>"; };
		1C8E3D19245188BA004EB460 /* SampleDemoUITests.xctest */ = {isa = PBXFileReference; explicitFileType = wrapper.cfbundle; includeInIndex = 0; path = SampleDemoUITests.xctest; sourceTree = BUILT_PRODUCTS_DIR; };
		1C8E3D1D245188BA004EB460 /* SampleDemoUITests.swift */ = {isa = PBXFileReference; lastKnownFileType = sourcecode.swift; path = SampleDemoUITests.swift; sourceTree = "<group>"; };
		1C8E3D1F245188BA004EB460 /* Info.plist */ = {isa = PBXFileReference; lastKnownFileType = text.plist.xml; path = Info.plist; sourceTree = "<group>"; };
/* End PBXFileReference section */

/* Begin PBXFrameworksBuildPhase section */
		1C8E3CF52451889F004EB460 /* Frameworks */ = {
			isa = PBXFrameworksBuildPhase;
			buildActionMask = 2147483647;
			files = (
			);
			runOnlyForDeploymentPostprocessing = 0;
		};
		1C8E3D0B245188BA004EB460 /* Frameworks */ = {
			isa = PBXFrameworksBuildPhase;
			buildActionMask = 2147483647;
			files = (
			);
			runOnlyForDeploymentPostprocessing = 0;
		};
		1C8E3D16245188BA004EB460 /* Frameworks */ = {
			isa = PBXFrameworksBuildPhase;
			buildActionMask = 2147483647;
			files = (
			);
			runOnlyForDeploymentPostprocessing = 0;
		};
/* End PBXFrameworksBuildPhase section */

/* Begin PBXGroup section */
		1C8E3CEF2451889F004EB460 = {
			isa = PBXGroup;
			children = (
				1C8E3CFA2451889F004EB460 /* SampleDemo */,
				1C8E3D11245188BA004EB460 /* SampleDemoTests */,
				1C8E3D1C245188BA004EB460 /* SampleDemoUITests */,
				1C8E3CF92451889F004EB460 /* Products */,
			);
			sourceTree = "<group>";
		};
		1C8E3CF92451889F004EB460 /* Products */ = {
			isa = PBXGroup;
			children = (
				1C8E3CF82451889F004EB460 /* SampleDemo.app */,
				1C8E3D0E245188BA004EB460 /* SampleDemoTests.xctest */,
				1C8E3D19245188BA004EB460 /* SampleDemoUITests.xctest */,
			);
			name = Products;
			sourceTree = "<group>";
		};
		1C8E3CFA2451889F004EB460 /* SampleDemo */ = {
			isa = PBXGroup;
			children = (
				1C8E3CFB2451889F004EB460 /* AppDelegate.swift */,
				1C8E3CFD2451889F004EB460 /* SceneDelegate.swift */,
				1C8E3CFF2451889F004EB460 /* ViewController.swift */,
				1C8E3D012451889F004EB460 /* Main.storyboard */,
				1C8E3D04245188B9004EB460 /* Assets.xcassets */,
				1C8E3D06245188B9004EB460 /* LaunchScreen.storyboard */,
				1C8E3D09245188B9004EB460 /* Info.plist */,
			);
			path = SampleDemo;
			sourceTree = "<group>";
		};
		1C8E3D11245188BA004EB460 /* SampleDemoTests */ = {
			isa = PBXGroup;
			children = (
				1C8E3D12245188BA004EB460 /* SampleDemoTests.swift */,
				1C8E3D14245188BA004EB460 /* Info.plist */,
			);
			path = SampleDemoTests;
			sourceTree = "<group>";
		};
		1C8E3D1C245188BA004EB460 /* SampleDemoUITests */ = {
			isa = PBXGroup;
			children = (
				1C8E3D1D245188BA004EB460 /* SampleDemoUITests.swift */,
				1C8E3D1F245188BA004EB460 /* Info.plist */,
			);
			path = SampleDemoUITests;
			sourceTree = "<group>";
		};
/* End PBXGroup section */

/* Begin PBXNativeTarget section */
		1C8E3CF72451889F004EB460 /* SampleDemo */ = {
			isa = PBXNativeTarget;
			buildConfigurationList = 1C8E3D22245188BA004EB460 /* Build configuration list for PBXNativeTarget "SampleDemo" */;
			buildPhases = (
				1C8E3CF42451889F004EB460 /* Sources */,
				1C8E3CF52451889F004EB460 /* Frameworks */,
				1C8E3CF62451889F004EB460 /* Resources */,
			);
			buildRules = (
			);
			dependencies = (
			);
			name = SampleDemo;
			productName = SampleDemo;
			productReference = 1C8E3CF82451889F004EB460 /* SampleDemo.app */;
			productType = "com.apple.product-type.application";
		};
		1C8E3D0D245188BA004EB460 /* SampleDemoTests */ = {
			isa = PBXNativeTarget;
			buildConfigurationList = 1C8E3D25245188BA004EB460 /* Build configuration list for PBXNativeTarget "SampleDemoTests" */;
			buildPhases = (
				1C8E3D0A245188BA004EB460 /* Sources */,
				1C8E3D0B245188BA004EB460 /* Frameworks */,
				1C8E3D0C245188BA004EB460 /* Resources */,
			);
			buildRules = (
			);
			dependencies = (
				1C8E3D10245188BA004EB460 /* PBXTargetDependency */,
			);
			name = SampleDemoTests;
			productName = SampleDemoTests;
			productReference = 1C8E3D0E245188BA004EB460 /* SampleDemoTests.xctest */;
			productType = "com.apple.product-type.bundle.unit-test";
		};
		1C8E3D18245188BA004EB460 /* SampleDemoUITests */ = {
			isa = PBXNativeTarget;
			buildConfigurationList = 1C8E3D28245188BA004EB460 /* Build configuration list for PBXNativeTarget "SampleDemoUITests" */;
			buildPhases = (
				1C8E3D15245188BA004EB460 /* Sources */,
				1C8E3D16245188BA004EB460 /* Frameworks */,
				1C8E3D17245188BA004EB460 /* Resources */,
			);
			buildRules = (
			);
			dependencies = (
				1C8E3D1B245188BA004EB460 /* PBXTargetDependency */,
			);
			name = SampleDemoUITests;
			productName = SampleDemoUITests;
			productReference = 1C8E3D19245188BA004EB460 /* SampleDemoUITests.xctest */;
			productType = "com.apple.product-type.bundle.ui-testing";
		};
/* End PBXNativeTarget section */

/* Begin PBXProject section */
		1C8E3CF02451889F004EB460 /* Project object */ = {
			isa = PBXProject;
			attributes = {
				LastSwiftUpdateCheck = 1140;
				LastUpgradeCheck = 1140;
				ORGANIZATIONNAME = "Rohan Ghosh";
				TargetAttributes = {
					1C8E3CF72451889F004EB460 = {
						CreatedOnToolsVersion = 11.4.1;
					};
					1C8E3D0D245188BA004EB460 = {
						CreatedOnToolsVersion = 11.4.1;
						TestTargetID = 1C8E3CF72451889F004EB460;
					};
					1C8E3D18245188BA004EB460 = {
						CreatedOnToolsVersion = 11.4.1;
						TestTargetID = 1C8E3CF72451889F004EB460;
					};
				};
			};
			buildConfigurationList = 1C8E3CF32451889F004EB460 /* Build configuration list for PBXProject "SampleDemo" */;
			compatibilityVersion = "Xcode 9.3";
			developmentRegion = en;
			hasScannedForEncodings = 0;
			knownRegions = (
				en,
				Base,
			);
			mainGroup = 1C8E3CEF2451889F004EB460;
			productRefGroup = 1C8E3CF92451889F004EB460 /* Products */;
			projectDirPath = "";
			projectRoot = "";
			targets = (
				1C8E3CF72451889F004EB460 /* SampleDemo */,
				1C8E3D0D245188BA004EB460 /* SampleDemoTests */,
				1C8E3D18245188BA004EB460 /* SampleDemoUITests */,
			);
		};
/* End PBXProject section */

/* Begin PBXResourcesBuildPhase section */
		1C8E3CF62451889F004EB460 /* Resources */ = {
			isa = PBXResourcesBuildPhase;
			buildActionMask = 2147483647;
			files = (
				1C8E3D08245188B9004EB460 /* LaunchScreen.storyboard in Resources */,
				1C8E3D05245188B9004EB460 /* Assets.xcassets in Resources */,
				1C8E3D032451889F004EB460 /* Main.storyboard in Resources */,
			);
			runOnlyForDeploymentPostprocessing = 0;
		};
		1C8E3D0C245188BA004EB460 /* Resources */ = {
			isa = PBXResourcesBuildPhase;
			buildActionMask = 2147483647;
			files = (
			);
			runOnlyForDeploymentPostprocessing = 0;
		};
		1C8E3D17245188BA004EB460 /* Resources */ = {
			isa = PBXResourcesBuildPhase;
			buildActionMask = 2147483647;
			files = (
			);
			runOnlyForDeploymentPostprocessing = 0;
		};
/* End PBXResourcesBuildPhase section */

/* Begin PBXSourcesBuildPhase section */
		1C8E3CF42451889F004EB460 /* Sources */ = {
			isa = PBXSourcesBuildPhase;
			buildActionMask = 2147483647;
			files = (
				1C8E3D002451889F004EB460 /* ViewController.swift in Sources */,
				1C8E3CFC2451889F004EB460 /* AppDelegate.swift in Sources */,
				1C8E3CFE2451889F004EB460 /* SceneDelegate.swift in Sources */,
			);
			runOnlyForDeploymentPostprocessing = 0;
		};
		1C8E3D0A245188BA004EB460 /* Sources */ = {
			isa = PBXSourcesBuildPhase;
			buildActionMask = 2147483647;
			files = (
				1C8E3D13245188BA004EB460 /* SampleDemoTests.swift in Sources */,
			);
			runOnlyForDeploymentPostprocessing = 0;
		};
		1C8E3D15245188BA004EB460 /* Sources */ = {
			isa = PBXSourcesBuildPhase;
			buildActionMask = 2147483647;
			files = (
				1C8E3D1E245188BA004EB460 /* SampleDemoUITests.swift in Sources */,
			);
			runOnlyForDeploymentPostprocessing = 0;
		};
/* End PBXSourcesBuildPhase section */

/* Begin PBXTargetDependency section */
		1C8E3D10245188BA004EB460 /* PBXTargetDependency */ = {
			isa = PBXTargetDependency;
			target = 1C8E3CF72451889F004EB460 /* SampleDemo */;
			targetProxy = 1C8E3D0F245188BA004EB460 /* PBXContainerItemProxy */;
		};
		1C8E3D1B245188BA004EB460 /* PBXTargetDependency */ = {
			isa = PBXTargetDependency;
			target = 1C8E3CF72451889F004EB460 /* SampleDemo */;
			targetProxy = 1C8E3D1A245188BA004EB460 /* PBXContainerItemProxy */;
		};
/* End PBXTargetDependency section */

/* Begin PBXVariantGroup section */
		1C8E3D012451889F004EB460 /* Main.storyboard */ = {
			isa = PBXVariantGroup;
			children = (
				1C8E3D022451889F004EB460 /* Base */,
			);
			name = Main.storyboard;
			sourceTree = "<group>";
		};
		1C8E3D06245188B9004EB460 /* LaunchScreen.storyboard */ = {
			isa = PBXVariantGroup;
			children = (
				1C8E3D07245188B9004EB460 /* Base */,
			);
			name = LaunchScreen.storyboard;
			sourceTree = "<group>";
		};
/* End PBXVariantGroup section */

/* Begin XCBuildConfiguration section */
		1C8E3D20245188BA004EB460 /* Debug */ = {
			isa = XCBuildConfiguration;
			buildSettings = {
				ALWAYS_SEARCH_USER_PATHS = NO;
				CLANG_ANALYZER_NONNULL = YES;
				CLANG_ANALYZER_NUMBER_OBJECT_CONVERSION = YES_AGGRESSIVE;
				CLANG_CXX_LANGUAGE_STANDARD = "gnu++14";
				CLANG_CXX_LIBRARY = "libc++";
				CLANG_ENABLE_MODULES = YES;
				CLANG_ENABLE_OBJC_ARC = YES;
				CLANG_ENABLE_OBJC_WEAK = YES;
				CLANG_WARN_BLOCK_CAPTURE_AUTORELEASING = YES;
				CLANG_WARN_BOOL_CONVERSION = YES;
				CLANG_WARN_COMMA = YES;
				CLANG_WARN_CONSTANT_CONVERSION = YES;
				CLANG_WARN_DEPRECATED_OBJC_IMPLEMENTATIONS = YES;
				CLANG_WARN_DIRECT_OBJC_ISA_USAGE = YES_ERROR;
				CLANG_WARN_DOCUMENTATION_COMMENTS = YES;
				CLANG_WARN_EMPTY_BODY = YES;
				CLANG_WARN_ENUM_CONVERSION = YES;
				CLANG_WARN_INFINITE_RECURSION = YES;
				CLANG_WARN_INT_CONVERSION = YES;
				CLANG_WARN_NON_LITERAL_NULL_CONVERSION = YES;
				CLANG_WARN_OBJC_IMPLICIT_RETAIN_SELF = YES;
				CLANG_WARN_OBJC_LITERAL_CONVERSION = YES;
				CLANG_WARN_OBJC_ROOT_CLASS = YES_ERROR;
				CLANG_WARN_RANGE_LOOP_ANALYSIS = YES;
				CLANG_WARN_STRICT_PROTOTYPES = YES;
				CLANG_WARN_SUSPICIOUS_MOVE = YES;
				CLANG_WARN_UNGUARDED_AVAILABILITY = YES_AGGRESSIVE;
				CLANG_WARN_UNREACHABLE_CODE = YES;
				CLANG_WARN__DUPLICATE_METHOD_MATCH = YES;
				COPY_PHASE_STRIP = NO;
				DEBUG_INFORMATION_FORMAT = dwarf;
				ENABLE_STRICT_OBJC_MSGSEND = YES;
				ENABLE_TESTABILITY = YES;
				GCC_C_LANGUAGE_STANDARD = gnu11;
				GCC_DYNAMIC_NO_PIC = NO;
				GCC_NO_COMMON_BLOCKS = YES;
				GCC_OPTIMIZATION_LEVEL = 0;
				GCC_PREPROCESSOR_DEFINITIONS = (
					"DEBUG=1",
					"$(inherited)",
				);
				GCC_WARN_64_TO_32_BIT_CONVERSION = YES;
				GCC_WARN_ABOUT_RETURN_TYPE = YES_ERROR;
				GCC_WARN_UNDECLARED_SELECTOR = YES;
				GCC_WARN_UNINITIALIZED_AUTOS = YES_AGGRESSIVE;
				GCC_WARN_UNUSED_FUNCTION = YES;
				GCC_WARN_UNUSED_VARIABLE = YES;
				IPHONEOS_DEPLOYMENT_TARGET = 13.4;
				MTL_ENABLE_DEBUG_INFO = INCLUDE_SOURCE;
				MTL_FAST_MATH = YES;
				ONLY_ACTIVE_ARCH = YES;
				SDKROOT = iphoneos;
				SWIFT_ACTIVE_COMPILATION_CONDITIONS = DEBUG;
				SWIFT_OPTIMIZATION_LEVEL = "-Onone";
			};
			name = Debug;
		};
		1C8E3D21245188BA004EB460 /* Release */ = {
			isa = XCBuildConfiguration;
			buildSettings = {
				ALWAYS_SEARCH_USER_PATHS = NO;
				CLANG_ANALYZER_NONNULL = YES;
				CLANG_ANALYZER_NUMBER_OBJECT_CONVERSION = YES_AGGRESSIVE;
				CLANG_CXX_LANGUAGE_STANDARD = "gnu++14";
				CLANG_CXX_LIBRARY = "libc++";
				CLANG_ENABLE_MODULES = YES;
				CLANG_ENABLE_OBJC_ARC = YES;
				CLANG_ENABLE_OBJC_WEAK = YES;
				CLANG_WARN_BLOCK_CAPTURE_AUTORELEASING = YES;
				CLANG_WARN_BOOL_CONVERSION = YES;
				CLANG_WARN_COMMA = YES;
				CLANG_WARN_CONSTANT_CONVERSION = YES;
				CLANG_WARN_DEPRECATED_OBJC_IMPLEMENTATIONS = YES;
				CLANG_WARN_DIRECT_OBJC_ISA_USAGE = YES_ERROR;
				CLANG_WARN_DOCUMENTATION_COMMENTS = YES;
				CLANG_WARN_EMPTY_BODY = YES;
				CLANG_WARN_ENUM_CONVERSION = YES;
				CLANG_WARN_INFINITE_RECURSION = YES;
				CLANG_WARN_INT_CONVERSION = YES;
				CLANG_WARN_NON_LITERAL_NULL_CONVERSION = YES;
				CLANG_WARN_OBJC_IMPLICIT_RETAIN_SELF = YES;
				CLANG_WARN_OBJC_LITERAL_CONVERSION = YES;
				CLANG_WARN_OBJC_ROOT_CLASS = YES_ERROR;
				CLANG_WARN_RANGE_LOOP_ANALYSIS = YES;
				CLANG_WARN_STRICT_PROTOTYPES = YES;
				CLANG_WARN_SUSPICIOUS_MOVE = YES;
				CLANG_WARN_UNGUARDED_AVAILABILITY = YES_AGGRESSIVE;
				CLANG_WARN_UNREACHABLE_CODE = YES;
				CLANG_WARN__DUPLICATE_METHOD_MATCH = YES;
				COPY_PHASE_STRIP = NO;
				DEBUG_INFORMATION_FORMAT = "dwarf-with-dsym";
				ENABLE_NS_ASSERTIONS = NO;
				ENABLE_STRICT_OBJC_MSGSEND = YES;
				GCC_C_LANGUAGE_STANDARD = gnu11;
				GCC_NO_COMMON_BLOCKS = YES;
				GCC_WARN_64_TO_32_BIT_CONVERSION = YES;
				GCC_WARN_ABOUT_RETURN_TYPE = YES_ERROR;
				GCC_WARN_UNDECLARED_SELECTOR = YES;
				GCC_WARN_UNINITIALIZED_AUTOS = YES_AGGRESSIVE;
				GCC_WARN_UNUSED_FUNCTION = YES;
				GCC_WARN_UNUSED_VARIABLE = YES;
				IPHONEOS_DEPLOYMENT_TARGET = 13.4;
				MTL_ENABLE_DEBUG_INFO = NO;
				MTL_FAST_MATH = YES;
				SDKROOT = iphoneos;
				SWIFT_COMPILATION_MODE = wholemodule;
				SWIFT_OPTIMIZATION_LEVEL = "-O";
				VALIDATE_PRODUCT = YES;
			};
			name = Release;
		};
		1C8E3D23245188BA004EB460 /* Debug */ = {
			isa = XCBuildConfiguration;
			buildSettings = {
				ASSETCATALOG_COMPILER_APPICON_NAME = AppIcon;
				CODE_SIGN_STYLE = Automatic;
				INFOPLIST_FILE = SampleDemo/Info.plist;
				LD_RUNPATH_SEARCH_PATHS = (
					"$(inherited)",
					"@executable_path/Frameworks",
				);
				PRODUCT_BUNDLE_IDENTIFIER = Demo.SampleDemo;
				PRODUCT_NAME = "$(TARGET_NAME)";
				SWIFT_VERSION = 5.0;
				TARGETED_DEVICE_FAMILY = "1,2";
			};
			name = Debug;
		};
		1C8E3D24245188BA004EB460 /* Release */ = {
			isa = XCBuildConfiguration;
			buildSettings = {
				ASSETCATALOG_COMPILER_APPICON_NAME = AppIcon;
				CODE_SIGN_STYLE = Automatic;
				INFOPLIST_FILE = SampleDemo/Info.plist;
				LD_RUNPATH_SEARCH_PATHS = (
					"$(inherited)",
					"@executable_path/Frameworks",
				);
				PRODUCT_BUNDLE_IDENTIFIER = Demo.SampleDemo;
				PRODUCT_NAME = "$(TARGET_NAME)";
				SWIFT_VERSION = 5.0;
				TARGETED_DEVICE_FAMILY = "1,2";
			};
			name = Release;
		};
		1C8E3D26245188BA004EB460 /* Debug */ = {
			isa = XCBuildConfiguration;
			buildSettings = {
				ALWAYS_EMBED_SWIFT_STANDARD_LIBRARIES = YES;
				BUNDLE_LOADER = "$(TEST_HOST)";
				CODE_SIGN_STYLE = Automatic;
				INFOPLIST_FILE = SampleDemoTests/Info.plist;
				IPHONEOS_DEPLOYMENT_TARGET = 13.4;
				LD_RUNPATH_SEARCH_PATHS = (
					"$(inherited)",
					"@executable_path/Frameworks",
					"@loader_path/Frameworks",
				);
				PRODUCT_BUNDLE_IDENTIFIER = Demo.SampleDemoTests;
				PRODUCT_NAME = "$(TARGET_NAME)";
				SWIFT_VERSION = 5.0;
				TARGETED_DEVICE_FAMILY = "1,2";
				TEST_HOST = "$(BUILT_PRODUCTS_DIR)/SampleDemo.app/SampleDemo";
			};
			name = Debug;
		};
		1C8E3D27245188BA004EB460 /* Release */ = {
			isa = XCBuildConfiguration;
			buildSettings = {
				ALWAYS_EMBED_SWIFT_STANDARD_LIBRARIES = YES;
				BUNDLE_LOADER = "$(TEST_HOST)";
				CODE_SIGN_STYLE = Automatic;
				INFOPLIST_FILE = SampleDemoTests/Info.plist;
				IPHONEOS_DEPLOYMENT_TARGET = 13.4;
				LD_RUNPATH_SEARCH_PATHS = (
					"$(inherited)",
					"@executable_path/Frameworks",
					"@loader_path/Frameworks",
				);
				PRODUCT_BUNDLE_IDENTIFIER = Demo.SampleDemoTests;
				PRODUCT_NAME = "$(TARGET_NAME)";
				SWIFT_VERSION = 5.0;
				TARGETED_DEVICE_FAMILY = "1,2";
				TEST_HOST = "$(BUILT_PRODUCTS_DIR)/SampleDemo.app/SampleDemo";
			};
			name = Release;
		};
		1C8E3D29245188BA004EB460 /* Debug */ = {
			isa = XCBuildConfiguration;
			buildSettings = {
				ALWAYS_EMBED_SWIFT_STANDARD_LIBRARIES = YES;
				CODE_SIGN_STYLE = Automatic;
				INFOPLIST_FILE = SampleDemoUITests/Info.plist;
				LD_RUNPATH_SEARCH_PATHS = (
					"$(inherited)",
					"@executable_path/Frameworks",
					"@loader_path/Frameworks",
				);
				PRODUCT_BUNDLE_IDENTIFIER = Demo.SampleDemoUITests;
				PRODUCT_NAME = "$(TARGET_NAME)";
				SWIFT_VERSION = 5.0;
				TARGETED_DEVICE_FAMILY = "1,2";
				TEST_TARGET_NAME = SampleDemo;
			};
			name = Debug;
		};
		1C8E3D2A245188BA004EB460 /* Release */ = {
			isa = XCBuildConfiguration;
			buildSettings = {
				ALWAYS_EMBED_SWIFT_STANDARD_LIBRARIES = YES;
				CODE_SIGN_STYLE = Automatic;
				INFOPLIST_FILE = SampleDemoUITests/Info.plist;
				LD_RUNPATH_SEARCH_PATHS = (
					"$(inherited)",
					"@executable_path/Frameworks",
					"@loader_path/Frameworks",
				);
				PRODUCT_BUNDLE_IDENTIFIER = Demo.SampleDemoUITests;
				PRODUCT_NAME = "$(TARGET_NAME)";
				SWIFT_VERSION = 5.0;
				TARGETED_DEVICE_FAMILY = "1,2";
				TEST_TARGET_NAME = SampleDemo;
			};
			name = Release;
		};
/* End XCBuildConfiguration section */

/* Begin XCConfigurationList section */
		1C8E3CF32451889F004EB460 /* Build configuration list for PBXProject "SampleDemo" */ = {
			isa = XCConfigurationList;
			buildConfigurations = (
				1C8E3D20245188BA004EB460 /* Debug */,
				1C8E3D21245188BA004EB460 /* Release */,
			);
			defaultConfigurationIsVisible = 0;
			defaultConfigurationName = Release;
		};
		1C8E3D22245188BA004EB460 /* Build configuration list for PBXNativeTarget "SampleDemo" */ = {
			isa = XCConfigurationList;
			buildConfigurations = (
				1C8E3D23245188BA004EB460 /* Debug */,
				1C8E3D24245188BA004EB460 /* Release */,
			);
			defaultConfigurationIsVisible = 0;
			defaultConfigurationName = Release;
		};
		1C8E3D25245188BA004EB460 /* Build configuration list for PBXNativeTarget "SampleDemoTests" */ = {
			isa = XCConfigurationList;
			buildConfigurations = (
				1C8E3D26245188BA004EB460 /* Debug */,
				1C8E3D27245188BA004EB460 /* Release */,
			);
			defaultConfigurationIsVisible = 0;
			defaultConfigurationName = Release;
		};
		1C8E3D28245188BA004EB460 /* Build configuration list for PBXNativeTarget "SampleDemoUITests" */ = {
			isa = XCConfigurationList;
			buildConfigurations = (
				1C8E3D29245188BA004EB460 /* Debug */,
				1C8E3D2A245188BA004EB460 /* Release */,
			);
			defaultConfigurationIsVisible = 0;
			defaultConfigurationName = Release;
		};
/* End XCConfigurationList section */
	};
	rootObject = 1C8E3CF02451889F004EB460 /* Project object */;
}
